
Microsoft Visual Studio Solution File, Format Version 12.00
# Visual Studio Version 17
VisualStudioVersion = 17.2.32630.192
MinimumVisualStudioVersion = 10.0.40219.1
Project("{FAE04EC0-301F-11D3-BF4B-00C04F79EFBC}") = "StatuxGUI.Android", "StatuxGUI\StatuxGUI.Android\StatuxGUI.Android.csproj", "{91313B72-FB6D-4DC2-B056-46E1A38AAD40}"
EndProject
Project("{FAE04EC0-301F-11D3-BF4B-00C04F79EFBC}") = "StatuxGUI", "StatuxGUI\StatuxGUI\StatuxGUI.csproj", "{0D3084D2-6458-410E-B62F-472B8A9CBCA4}"
EndProject
Global
	GlobalSection(SolutionConfigurationPlatforms) = preSolution
		Debug|Any CPU = Debug|Any CPU
		Release|Any CPU = Release|Any CPU
	EndGlobalSection
	GlobalSection(ProjectConfigurationPlatforms) = postSolution
		{91313B72-FB6D-4DC2-B056-46E1A38AAD40}.Debug|Any CPU.ActiveCfg = Debug|Any CPU
		{91313B72-FB6D-4DC2-B056-46E1A38AAD40}.Debug|Any CPU.Build.0 = Debug|Any CPU
		{91313B72-FB6D-4DC2-B056-46E1A38AAD40}.Debug|Any CPU.Deploy.0 = Debug|Any CPU
		{91313B72-FB6D-4DC2-B056-46E1A38AAD40}.Release|Any CPU.ActiveCfg = Release|Any CPU
		{91313B72-FB6D-4DC2-B056-46E1A38AAD40}.Release|Any CPU.Build.0 = Release|Any CPU
		{91313B72-FB6D-4DC2-B056-46E1A38AAD40}.Release|Any CPU.Deploy.0 = Release|Any CPU
		{0D3084D2-6458-410E-B62F-472B8A9CBCA4}.Debug|Any CPU.ActiveCfg = Debug|Any CPU
		{0D3084D2-6458-410E-B62F-472B8A9CBCA4}.Debug|Any CPU.Build.0 = Debug|Any CPU
		{0D3084D2-6458-410E-B62F-472B8A9CBCA4}.Debug|Any CPU.Deploy.0 = Debug|Any CPU
		{0D3084D2-6458-410E-B62F-472B8A9CBCA4}.Release|Any CPU.ActiveCfg = Release|Any CPU
		{0D3084D2-6458-410E-B62F-472B8A9CBCA4}.Release|Any CPU.Build.0 = Release|Any CPU
		{0D3084D2-6458-410E-B62F-472B8A9CBCA4}.Release|Any CPU.Deploy.0 = Release|Any CPU
	EndGlobalSection
	GlobalSection(SolutionProperties) = preSolution
		HideSolutionNode = FALSE
	EndGlobalSection
	GlobalSection(ExtensibilityGlobals) = postSolution
		SolutionGuid = {5107051B-C85E-4F9D-B9B5-FD5D1301CB63}
	EndGlobalSection
EndGlobal
